
Microsoft Visual Studio Solution File, Format Version 12.00
# Visual Studio Version 17
VisualStudioVersion = 17.3.32811.315
MinimumVisualStudioVersion = 10.0.40219.1
Project("{FAE04EC0-301F-11D3-BF4B-00C04F79EFBC}") = "While", "While\While.csproj", "{AD36D4D3-7A57-4318-9F21-04A1F172377D}"
EndProject
Global
	GlobalSection(SolutionConfigurationPlatforms) = preSolution
		Debug|Any CPU = Debug|Any CPU
		Release|Any CPU = Release|Any CPU
	EndGlobalSection
	GlobalSection(ProjectConfigurationPlatforms) = postSolution
		{AD36D4D3-7A57-4318-9F21-04A1F172377D}.Debug|Any CPU.ActiveCfg = Debug|Any CPU
		{AD36D4D3-7A57-4318-9F21-04A1F172377D}.Debug|Any CPU.Build.0 = Debug|Any CPU
		{AD36D4D3-7A57-4318-9F21-04A1F172377D}.Release|Any CPU.ActiveCfg = Release|Any CPU
		{AD36D4D3-7A57-4318-9F21-04A1F172377D}.Release|Any CPU.Build.0 = Release|Any CPU
	EndGlobalSection
	GlobalSection(SolutionProperties) = preSolution
		HideSolutionNode = FALSE
	EndGlobalSection
	GlobalSection(ExtensibilityGlobals) = postSolution
		SolutionGuid = {BCB16DEA-9168-46B2-8231-1D5D169D0593}
	EndGlobalSection
EndGlobal
