
Microsoft Visual Studio Solution File, Format Version 12.00
# Visual Studio Version 17
VisualStudioVersion = 17.3.32811.315
MinimumVisualStudioVersion = 10.0.40219.1
Project("{FAE04EC0-301F-11D3-BF4B-00C04F79EFBC}") = "Program", "Program\Program.csproj", "{FCBEE8C3-16BA-4573-83FE-A78A14511A4B}"
EndProject
Global
	GlobalSection(SolutionConfigurationPlatforms) = preSolution
		Debug|Any CPU = Debug|Any CPU
		Release|Any CPU = Release|Any CPU
	EndGlobalSection
	GlobalSection(ProjectConfigurationPlatforms) = postSolution
		{FCBEE8C3-16BA-4573-83FE-A78A14511A4B}.Debug|Any CPU.ActiveCfg = Debug|Any CPU
		{FCBEE8C3-16BA-4573-83FE-A78A14511A4B}.Debug|Any CPU.Build.0 = Debug|Any CPU
		{FCBEE8C3-16BA-4573-83FE-A78A14511A4B}.Release|Any CPU.ActiveCfg = Release|Any CPU
		{FCBEE8C3-16BA-4573-83FE-A78A14511A4B}.Release|Any CPU.Build.0 = Release|Any CPU
	EndGlobalSection
	GlobalSection(SolutionProperties) = preSolution
		HideSolutionNode = FALSE
	EndGlobalSection
	GlobalSection(ExtensibilityGlobals) = postSolution
		SolutionGuid = {4007F5D3-D8B6-4FF3-8A70-E05F07CA2B79}
	EndGlobalSection
EndGlobal
